
Microsoft Visual Studio Solution File, Format Version 12.00
# Visual Studio Version 17
VisualStudioVersion = 17.11.35312.102
MinimumVisualStudioVersion = 10.0.40219.1
Project("{FAE04EC0-301F-11D3-BF4B-00C04F79EFBC}") = "girselyinterface", "girselyinterface\girselyinterface.csproj", "{AF515722-A8AF-4EB1-9642-75361503A5E9}"
EndProject
Global
	GlobalSection(SolutionConfigurationPlatforms) = preSolution
		Debug|Any CPU = Debug|Any CPU
		Release|Any CPU = Release|Any CPU
	EndGlobalSection
	GlobalSection(ProjectConfigurationPlatforms) = postSolution
		{AF515722-A8AF-4EB1-9642-75361503A5E9}.Debug|Any CPU.ActiveCfg = Debug|Any CPU
		{AF515722-A8AF-4EB1-9642-75361503A5E9}.Debug|Any CPU.Build.0 = Debug|Any CPU
		{AF515722-A8AF-4EB1-9642-75361503A5E9}.Release|Any CPU.ActiveCfg = Release|Any CPU
		{AF515722-A8AF-4EB1-9642-75361503A5E9}.Release|Any CPU.Build.0 = Release|Any CPU
	EndGlobalSection
	GlobalSection(SolutionProperties) = preSolution
		HideSolutionNode = FALSE
	EndGlobalSection
	GlobalSection(ExtensibilityGlobals) = postSolution
		SolutionGuid = {1318A61C-CC02-4BF7-865F-F5449BCB85C5}
	EndGlobalSection
EndGlobal
